// !$*UTF8*$!
{
	archiveVersion = 1;
	classes = {
	};
	objectVersion = 56;
	objects = {

/* Begin PBXBuildFile section */
		7B4090482CB70F1400C75B4F /* TesteArquiteturaApp.swift in Sources */ = {isa = PBXBuildFile; fileRef = 7B4090472CB70F1400C75B4F /* TesteArquiteturaApp.swift */; };
		7B40904A2CB70F1400C75B4F /* ContentView.swift in Sources */ = {isa = PBXBuildFile; fileRef = 7B4090492CB70F1400C75B4F /* ContentView.swift */; };
		7B40904C2CB70F1500C75B4F /* Assets.xcassets in Resources */ = {isa = PBXBuildFile; fileRef = 7B40904B2CB70F1500C75B4F /* Assets.xcassets */; };
		7B40904F2CB70F1500C75B4F /* Preview Assets.xcassets in Resources */ = {isa = PBXBuildFile; fileRef = 7B40904E2CB70F1500C75B4F /* Preview Assets.xcassets */; };
		7B4090592CB70F1500C75B4F /* TesteArquiteturaTests.swift in Sources */ = {isa = PBXBuildFile; fileRef = 7B4090582CB70F1500C75B4F /* TesteArquiteturaTests.swift */; };
		7B4090632CB70F1500C75B4F /* TesteArquiteturaUITests.swift in Sources */ = {isa = PBXBuildFile; fileRef = 7B4090622CB70F1500C75B4F /* TesteArquiteturaUITests.swift */; };
		7B4090652CB70F1500C75B4F /* TesteArquiteturaUITestsLaunchTests.swift in Sources */ = {isa = PBXBuildFile; fileRef = 7B4090642CB70F1500C75B4F /* TesteArquiteturaUITestsLaunchTests.swift */; };
		7B4090722CB70F3700C75B4F /* UsuarioModel.swift in Sources */ = {isa = PBXBuildFile; fileRef = 7B4090712CB70F3700C75B4F /* UsuarioModel.swift */; };
		7B4090742CB70F6900C75B4F /* UsuarioController.swift in Sources */ = {isa = PBXBuildFile; fileRef = 7B4090732CB70F6900C75B4F /* UsuarioController.swift */; };
		7B4090762CB70F8000C75B4F /* UsuarioView.swift in Sources */ = {isa = PBXBuildFile; fileRef = 7B4090752CB70F8000C75B4F /* UsuarioView.swift */; };
/* End PBXBuildFile section */

/* Begin PBXContainerItemProxy section */
		7B4090552CB70F1500C75B4F /* PBXContainerItemProxy */ = {
			isa = PBXContainerItemProxy;
			containerPortal = 7B40903C2CB70F1400C75B4F /* Project object */;
			proxyType = 1;
			remoteGlobalIDString = 7B4090432CB70F1400C75B4F;
			remoteInfo = TesteArquitetura;
		};
		7B40905F2CB70F1500C75B4F /* PBXContainerItemProxy */ = {
			isa = PBXContainerItemProxy;
			containerPortal = 7B40903C2CB70F1400C75B4F /* Project object */;
			proxyType = 1;
			remoteGlobalIDString = 7B4090432CB70F1400C75B4F;
			remoteInfo = TesteArquitetura;
		};
/* End PBXContainerItemProxy section */

/* Begin PBXFileReference section */
		7B4090442CB70F1400C75B4F /* TesteArquitetura.app */ = {isa = PBXFileReference; explicitFileType = wrapper.application; includeInIndex = 0; path = TesteArquitetura.app; sourceTree = BUILT_PRODUCTS_DIR; };
		7B4090472CB70F1400C75B4F /* TesteArquiteturaApp.swift */ = {isa = PBXFileReference; lastKnownFileType = sourcecode.swift; path = TesteArquiteturaApp.swift; sourceTree = "<group>"; };
		7B4090492CB70F1400C75B4F /* ContentView.swift */ = {isa = PBXFileReference; lastKnownFileType = sourcecode.swift; path = ContentView.swift; sourceTree = "<group>"; };
		7B40904B2CB70F1500C75B4F /* Assets.xcassets */ = {isa = PBXFileReference; lastKnownFileType = folder.assetcatalog; path = Assets.xcassets; sourceTree = "<group>"; };
		7B40904E2CB70F1500C75B4F /* Preview Assets.xcassets */ = {isa = PBXFileReference; lastKnownFileType = folder.assetcatalog; path = "Preview Assets.xcassets"; sourceTree = "<group>"; };
		7B4090542CB70F1500C75B4F /* TesteArquiteturaTests.xctest */ = {isa = PBXFileReference; explicitFileType = wrapper.cfbundle; includeInIndex = 0; path = TesteArquiteturaTests.xctest; sourceTree = BUILT_PRODUCTS_DIR; };
		7B4090582CB70F1500C75B4F /* TesteArquiteturaTests.swift */ = {isa = PBXFileReference; lastKnownFileType = sourcecode.swift; path = TesteArquiteturaTests.swift; sourceTree = "<group>"; };
		7B40905E2CB70F1500C75B4F /* TesteArquiteturaUITests.xctest */ = {isa = PBXFileReference; explicitFileType = wrapper.cfbundle; includeInIndex = 0; path = TesteArquiteturaUITests.xctest; sourceTree = BUILT_PRODUCTS_DIR; };
		7B4090622CB70F1500C75B4F /* TesteArquiteturaUITests.swift */ = {isa = PBXFileReference; lastKnownFileType = sourcecode.swift; path = TesteArquiteturaUITests.swift; sourceTree = "<group>"; };
		7B4090642CB70F1500C75B4F /* TesteArquiteturaUITestsLaunchTests.swift */ = {isa = PBXFileReference; lastKnownFileType = sourcecode.swift; path = TesteArquiteturaUITestsLaunchTests.swift; sourceTree = "<group>"; };
		7B4090712CB70F3700C75B4F /* UsuarioModel.swift */ = {isa = PBXFileReference; lastKnownFileType = sourcecode.swift; path = UsuarioModel.swift; sourceTree = "<group>"; };
		7B4090732CB70F6900C75B4F /* UsuarioController.swift */ = {isa = PBXFileReference; lastKnownFileType = sourcecode.swift; path = UsuarioController.swift; sourceTree = "<group>"; };
		7B4090752CB70F8000C75B4F /* UsuarioView.swift */ = {isa = PBXFileReference; lastKnownFileType = sourcecode.swift; path = UsuarioView.swift; sourceTree = "<group>"; };
/* End PBXFileReference section */

/* Begin PBXFrameworksBuildPhase section */
		7B4090412CB70F1400C75B4F /* Frameworks */ = {
			isa = PBXFrameworksBuildPhase;
			buildActionMask = 2147483647;
			files = (
			);
			runOnlyForDeploymentPostprocessing = 0;
		};
		7B4090512CB70F1500C75B4F /* Frameworks */ = {
			isa = PBXFrameworksBuildPhase;
			buildActionMask = 2147483647;
			files = (
			);
			runOnlyForDeploymentPostprocessing = 0;
		};
		7B40905B2CB70F1500C75B4F /* Frameworks */ = {
			isa = PBXFrameworksBuildPhase;
			buildActionMask = 2147483647;
			files = (
			);
			runOnlyForDeploymentPostprocessing = 0;
		};
/* End PBXFrameworksBuildPhase section */

/* Begin PBXGroup section */
		7B40903B2CB70F1400C75B4F = {
			isa = PBXGroup;
			children = (
				7B4090462CB70F1400C75B4F /* TesteArquitetura */,
				7B4090572CB70F1500C75B4F /* TesteArquiteturaTests */,
				7B4090612CB70F1500C75B4F /* TesteArquiteturaUITests */,
				7B4090452CB70F1400C75B4F /* Products */,
			);
			sourceTree = "<group>";
		};
		7B4090452CB70F1400C75B4F /* Products */ = {
			isa = PBXGroup;
			children = (
				7B4090442CB70F1400C75B4F /* TesteArquitetura.app */,
				7B4090542CB70F1500C75B4F /* TesteArquiteturaTests.xctest */,
				7B40905E2CB70F1500C75B4F /* TesteArquiteturaUITests.xctest */,
			);
			name = Products;
			sourceTree = "<group>";
		};
		7B4090462CB70F1400C75B4F /* TesteArquitetura */ = {
			isa = PBXGroup;
			children = (
				7B4090792CB7110500C75B4F /* Model */,
				7B4090782CB710F900C75B4F /* Controller */,
				7B4090772CB710E700C75B4F /* View */,
				7B4090472CB70F1400C75B4F /* TesteArquiteturaApp.swift */,
				7B4090492CB70F1400C75B4F /* ContentView.swift */,
				7B40904B2CB70F1500C75B4F /* Assets.xcassets */,
				7B40904D2CB70F1500C75B4F /* Preview Content */,
			);
			path = TesteArquitetura;
			sourceTree = "<group>";
		};
		7B40904D2CB70F1500C75B4F /* Preview Content */ = {
			isa = PBXGroup;
			children = (
				7B40904E2CB70F1500C75B4F /* Preview Assets.xcassets */,
			);
			path = "Preview Content";
			sourceTree = "<group>";
		};
		7B4090572CB70F1500C75B4F /* TesteArquiteturaTests */ = {
			isa = PBXGroup;
			children = (
				7B4090582CB70F1500C75B4F /* TesteArquiteturaTests.swift */,
			);
			path = TesteArquiteturaTests;
			sourceTree = "<group>";
		};
		7B4090612CB70F1500C75B4F /* TesteArquiteturaUITests */ = {
			isa = PBXGroup;
			children = (
				7B4090622CB70F1500C75B4F /* TesteArquiteturaUITests.swift */,
				7B4090642CB70F1500C75B4F /* TesteArquiteturaUITestsLaunchTests.swift */,
			);
			path = TesteArquiteturaUITests;
			sourceTree = "<group>";
		};
		7B4090772CB710E700C75B4F /* View */ = {
			isa = PBXGroup;
			children = (
				7B4090752CB70F8000C75B4F /* UsuarioView.swift */,
			);
			path = View;
			sourceTree = "<group>";
		};
		7B4090782CB710F900C75B4F /* Controller */ = {
			isa = PBXGroup;
			children = (
				7B4090732CB70F6900C75B4F /* UsuarioController.swift */,
			);
			path = Controller;
			sourceTree = "<group>";
		};
		7B4090792CB7110500C75B4F /* Model */ = {
			isa = PBXGroup;
			children = (
				7B4090712CB70F3700C75B4F /* UsuarioModel.swift */,
			);
			path = Model;
			sourceTree = "<group>";
		};
/* End PBXGroup section */

/* Begin PBXNativeTarget section */
		7B4090432CB70F1400C75B4F /* TesteArquitetura */ = {
			isa = PBXNativeTarget;
			buildConfigurationList = 7B4090682CB70F1500C75B4F /* Build configuration list for PBXNativeTarget "TesteArquitetura" */;
			buildPhases = (
				7B4090402CB70F1400C75B4F /* Sources */,
				7B4090412CB70F1400C75B4F /* Frameworks */,
				7B4090422CB70F1400C75B4F /* Resources */,
			);
			buildRules = (
			);
			dependencies = (
			);
			name = TesteArquitetura;
			productName = TesteArquitetura;
			productReference = 7B4090442CB70F1400C75B4F /* TesteArquitetura.app */;
			productType = "com.apple.product-type.application";
		};
		7B4090532CB70F1500C75B4F /* TesteArquiteturaTests */ = {
			isa = PBXNativeTarget;
			buildConfigurationList = 7B40906B2CB70F1500C75B4F /* Build configuration list for PBXNativeTarget "TesteArquiteturaTests" */;
			buildPhases = (
				7B4090502CB70F1500C75B4F /* Sources */,
				7B4090512CB70F1500C75B4F /* Frameworks */,
				7B4090522CB70F1500C75B4F /* Resources */,
			);
			buildRules = (
			);
			dependencies = (
				7B4090562CB70F1500C75B4F /* PBXTargetDependency */,
			);
			name = TesteArquiteturaTests;
			productName = TesteArquiteturaTests;
			productReference = 7B4090542CB70F1500C75B4F /* TesteArquiteturaTests.xctest */;
			productType = "com.apple.product-type.bundle.unit-test";
		};
		7B40905D2CB70F1500C75B4F /* TesteArquiteturaUITests */ = {
			isa = PBXNativeTarget;
			buildConfigurationList = 7B40906E2CB70F1500C75B4F /* Build configuration list for PBXNativeTarget "TesteArquiteturaUITests" */;
			buildPhases = (
				7B40905A2CB70F1500C75B4F /* Sources */,
				7B40905B2CB70F1500C75B4F /* Frameworks */,
				7B40905C2CB70F1500C75B4F /* Resources */,
			);
			buildRules = (
			);
			dependencies = (
				7B4090602CB70F1500C75B4F /* PBXTargetDependency */,
			);
			name = TesteArquiteturaUITests;
			productName = TesteArquiteturaUITests;
			productReference = 7B40905E2CB70F1500C75B4F /* TesteArquiteturaUITests.xctest */;
			productType = "com.apple.product-type.bundle.ui-testing";
		};
/* End PBXNativeTarget section */

/* Begin PBXProject section */
		7B40903C2CB70F1400C75B4F /* Project object */ = {
			isa = PBXProject;
			attributes = {
				BuildIndependentTargetsInParallel = 1;
				LastSwiftUpdateCheck = 1520;
				LastUpgradeCheck = 1520;
				TargetAttributes = {
					7B4090432CB70F1400C75B4F = {
						CreatedOnToolsVersion = 15.2;
					};
					7B4090532CB70F1500C75B4F = {
						CreatedOnToolsVersion = 15.2;
						TestTargetID = 7B4090432CB70F1400C75B4F;
					};
					7B40905D2CB70F1500C75B4F = {
						CreatedOnToolsVersion = 15.2;
						TestTargetID = 7B4090432CB70F1400C75B4F;
					};
				};
			};
			buildConfigurationList = 7B40903F2CB70F1400C75B4F /* Build configuration list for PBXProject "TesteArquitetura" */;
			compatibilityVersion = "Xcode 14.0";
			developmentRegion = en;
			hasScannedForEncodings = 0;
			knownRegions = (
				en,
				Base,
			);
			mainGroup = 7B40903B2CB70F1400C75B4F;
			productRefGroup = 7B4090452CB70F1400C75B4F /* Products */;
			projectDirPath = "";
			projectRoot = "";
			targets = (
				7B4090432CB70F1400C75B4F /* TesteArquitetura */,
				7B4090532CB70F1500C75B4F /* TesteArquiteturaTests */,
				7B40905D2CB70F1500C75B4F /* TesteArquiteturaUITests */,
			);
		};
/* End PBXProject section */

/* Begin PBXResourcesBuildPhase section */
		7B4090422CB70F1400C75B4F /* Resources */ = {
			isa = PBXResourcesBuildPhase;
			buildActionMask = 2147483647;
			files = (
				7B40904F2CB70F1500C75B4F /* Preview Assets.xcassets in Resources */,
				7B40904C2CB70F1500C75B4F /* Assets.xcassets in Resources */,
			);
			runOnlyForDeploymentPostprocessing = 0;
		};
		7B4090522CB70F1500C75B4F /* Resources */ = {
			isa = PBXResourcesBuildPhase;
			buildActionMask = 2147483647;
			files = (
			);
			runOnlyForDeploymentPostprocessing = 0;
		};
		7B40905C2CB70F1500C75B4F /* Resources */ = {
			isa = PBXResourcesBuildPhase;
			buildActionMask = 2147483647;
			files = (
			);
			runOnlyForDeploymentPostprocessing = 0;
		};
/* End PBXResourcesBuildPhase section */

/* Begin PBXSourcesBuildPhase section */
		7B4090402CB70F1400C75B4F /* Sources */ = {
			isa = PBXSourcesBuildPhase;
			buildActionMask = 2147483647;
			files = (
				7B40904A2CB70F1400C75B4F /* ContentView.swift in Sources */,
				7B4090762CB70F8000C75B4F /* UsuarioView.swift in Sources */,
				7B4090482CB70F1400C75B4F /* TesteArquiteturaApp.swift in Sources */,
				7B4090742CB70F6900C75B4F /* UsuarioController.swift in Sources */,
				7B4090722CB70F3700C75B4F /* UsuarioModel.swift in Sources */,
			);
			runOnlyForDeploymentPostprocessing = 0;
		};
		7B4090502CB70F1500C75B4F /* Sources */ = {
			isa = PBXSourcesBuildPhase;
			buildActionMask = 2147483647;
			files = (
				7B4090592CB70F1500C75B4F /* TesteArquiteturaTests.swift in Sources */,
			);
			runOnlyForDeploymentPostprocessing = 0;
		};
		7B40905A2CB70F1500C75B4F /* Sources */ = {
			isa = PBXSourcesBuildPhase;
			buildActionMask = 2147483647;
			files = (
				7B4090652CB70F1500C75B4F /* TesteArquiteturaUITestsLaunchTests.swift in Sources */,
				7B4090632CB70F1500C75B4F /* TesteArquiteturaUITests.swift in Sources */,
			);
			runOnlyForDeploymentPostprocessing = 0;
		};
/* End PBXSourcesBuildPhase section */

/* Begin PBXTargetDependency section */
		7B4090562CB70F1500C75B4F /* PBXTargetDependency */ = {
			isa = PBXTargetDependency;
			target = 7B4090432CB70F1400C75B4F /* TesteArquitetura */;
			targetProxy = 7B4090552CB70F1500C75B4F /* PBXContainerItemProxy */;
		};
		7B4090602CB70F1500C75B4F /* PBXTargetDependency */ = {
			isa = PBXTargetDependency;
			target = 7B4090432CB70F1400C75B4F /* TesteArquitetura */;
			targetProxy = 7B40905F2CB70F1500C75B4F /* PBXContainerItemProxy */;
		};
/* End PBXTargetDependency section */

/* Begin XCBuildConfiguration section */
		7B4090662CB70F1500C75B4F /* Debug */ = {
			isa = XCBuildConfiguration;
			buildSettings = {
				ALWAYS_SEARCH_USER_PATHS = NO;
				ASSETCATALOG_COMPILER_GENERATE_SWIFT_ASSET_SYMBOL_EXTENSIONS = YES;
				CLANG_ANALYZER_NONNULL = YES;
				CLANG_ANALYZER_NUMBER_OBJECT_CONVERSION = YES_AGGRESSIVE;
				CLANG_CXX_LANGUAGE_STANDARD = "gnu++20";
				CLANG_ENABLE_MODULES = YES;
				CLANG_ENABLE_OBJC_ARC = YES;
				CLANG_ENABLE_OBJC_WEAK = YES;
				CLANG_WARN_BLOCK_CAPTURE_AUTORELEASING = YES;
				CLANG_WARN_BOOL_CONVERSION = YES;
				CLANG_WARN_COMMA = YES;
				CLANG_WARN_CONSTANT_CONVERSION = YES;
				CLANG_WARN_DEPRECATED_OBJC_IMPLEMENTATIONS = YES;
				CLANG_WARN_DIRECT_OBJC_ISA_USAGE = YES_ERROR;
				CLANG_WARN_DOCUMENTATION_COMMENTS = YES;
				CLANG_WARN_EMPTY_BODY = YES;
				CLANG_WARN_ENUM_CONVERSION = YES;
				CLANG_WARN_INFINITE_RECURSION = YES;
				CLANG_WARN_INT_CONVERSION = YES;
				CLANG_WARN_NON_LITERAL_NULL_CONVERSION = YES;
				CLANG_WARN_OBJC_IMPLICIT_RETAIN_SELF = YES;
				CLANG_WARN_OBJC_LITERAL_CONVERSION = YES;
				CLANG_WARN_OBJC_ROOT_CLASS = YES_ERROR;
				CLANG_WARN_QUOTED_INCLUDE_IN_FRAMEWORK_HEADER = YES;
				CLANG_WARN_RANGE_LOOP_ANALYSIS = YES;
				CLANG_WARN_STRICT_PROTOTYPES = YES;
				CLANG_WARN_SUSPICIOUS_MOVE = YES;
				CLANG_WARN_UNGUARDED_AVAILABILITY = YES_AGGRESSIVE;
				CLANG_WARN_UNREACHABLE_CODE = YES;
				CLANG_WARN__DUPLICATE_METHOD_MATCH = YES;
				COPY_PHASE_STRIP = NO;
				DEBUG_INFORMATION_FORMAT = dwarf;
				ENABLE_STRICT_OBJC_MSGSEND = YES;
				ENABLE_TESTABILITY = YES;
				ENABLE_USER_SCRIPT_SANDBOXING = YES;
				GCC_C_LANGUAGE_STANDARD = gnu17;
				GCC_DYNAMIC_NO_PIC = NO;
				GCC_NO_COMMON_BLOCKS = YES;
				GCC_OPTIMIZATION_LEVEL = 0;
				GCC_PREPROCESSOR_DEFINITIONS = (
					"DEBUG=1",
					"$(inherited)",
				);
				GCC_WARN_64_TO_32_BIT_CONVERSION = YES;
				GCC_WARN_ABOUT_RETURN_TYPE = YES_ERROR;
				GCC_WARN_UNDECLARED_SELECTOR = YES;
				GCC_WARN_UNINITIALIZED_AUTOS = YES_AGGRESSIVE;
				GCC_WARN_UNUSED_FUNCTION = YES;
				GCC_WARN_UNUSED_VARIABLE = YES;
				IPHONEOS_DEPLOYMENT_TARGET = 17.2;
				LOCALIZATION_PREFERS_STRING_CATALOGS = YES;
				MTL_ENABLE_DEBUG_INFO = INCLUDE_SOURCE;
				MTL_FAST_MATH = YES;
				ONLY_ACTIVE_ARCH = YES;
				SDKROOT = iphoneos;
				SWIFT_ACTIVE_COMPILATION_CONDITIONS = "DEBUG $(inherited)";
				SWIFT_OPTIMIZATION_LEVEL = "-Onone";
			};
			name = Debug;
		};
		7B4090672CB70F1500C75B4F /* Release */ = {
			isa = XCBuildConfiguration;
			buildSettings = {
				ALWAYS_SEARCH_USER_PATHS = NO;
				ASSETCATALOG_COMPILER_GENERATE_SWIFT_ASSET_SYMBOL_EXTENSIONS = YES;
				CLANG_ANALYZER_NONNULL = YES;
				CLANG_ANALYZER_NUMBER_OBJECT_CONVERSION = YES_AGGRESSIVE;
				CLANG_CXX_LANGUAGE_STANDARD = "gnu++20";
				CLANG_ENABLE_MODULES = YES;
				CLANG_ENABLE_OBJC_ARC = YES;
				CLANG_ENABLE_OBJC_WEAK = YES;
				CLANG_WARN_BLOCK_CAPTURE_AUTORELEASING = YES;
				CLANG_WARN_BOOL_CONVERSION = YES;
				CLANG_WARN_COMMA = YES;
				CLANG_WARN_CONSTANT_CONVERSION = YES;
				CLANG_WARN_DEPRECATED_OBJC_IMPLEMENTATIONS = YES;
				CLANG_WARN_DIRECT_OBJC_ISA_USAGE = YES_ERROR;
				CLANG_WARN_DOCUMENTATION_COMMENTS = YES;
				CLANG_WARN_EMPTY_BODY = YES;
				CLANG_WARN_ENUM_CONVERSION = YES;
				CLANG_WARN_INFINITE_RECURSION = YES;
				CLANG_WARN_INT_CONVERSION = YES;
				CLANG_WARN_NON_LITERAL_NULL_CONVERSION = YES;
				CLANG_WARN_OBJC_IMPLICIT_RETAIN_SELF = YES;
				CLANG_WARN_OBJC_LITERAL_CONVERSION = YES;
				CLANG_WARN_OBJC_ROOT_CLASS = YES_ERROR;
				CLANG_WARN_QUOTED_INCLUDE_IN_FRAMEWORK_HEADER = YES;
				CLANG_WARN_RANGE_LOOP_ANALYSIS = YES;
				CLANG_WARN_STRICT_PROTOTYPES = YES;
				CLANG_WARN_SUSPICIOUS_MOVE = YES;
				CLANG_WARN_UNGUARDED_AVAILABILITY = YES_AGGRESSIVE;
				CLANG_WARN_UNREACHABLE_CODE = YES;
				CLANG_WARN__DUPLICATE_METHOD_MATCH = YES;
				COPY_PHASE_STRIP = NO;
				DEBUG_INFORMATION_FORMAT = "dwarf-with-dsym";
				ENABLE_NS_ASSERTIONS = NO;
				ENABLE_STRICT_OBJC_MSGSEND = YES;
				ENABLE_USER_SCRIPT_SANDBOXING = YES;
				GCC_C_LANGUAGE_STANDARD = gnu17;
				GCC_NO_COMMON_BLOCKS = YES;
				GCC_WARN_64_TO_32_BIT_CONVERSION = YES;
				GCC_WARN_ABOUT_RETURN_TYPE = YES_ERROR;
				GCC_WARN_UNDECLARED_SELECTOR = YES;
				GCC_WARN_UNINITIALIZED_AUTOS = YES_AGGRESSIVE;
				GCC_WARN_UNUSED_FUNCTION = YES;
				GCC_WARN_UNUSED_VARIABLE = YES;
				IPHONEOS_DEPLOYMENT_TARGET = 17.2;
				LOCALIZATION_PREFERS_STRING_CATALOGS = YES;
				MTL_ENABLE_DEBUG_INFO = NO;
				MTL_FAST_MATH = YES;
				SDKROOT = iphoneos;
				SWIFT_COMPILATION_MODE = wholemodule;
				VALIDATE_PRODUCT = YES;
			};
			name = Release;
		};
		7B4090692CB70F1500C75B4F /* Debug */ = {
			isa = XCBuildConfiguration;
			buildSettings = {
				ASSETCATALOG_COMPILER_APPICON_NAME = AppIcon;
				ASSETCATALOG_COMPILER_GLOBAL_ACCENT_COLOR_NAME = AccentColor;
				CODE_SIGN_STYLE = Automatic;
				CURRENT_PROJECT_VERSION = 1;
				DEVELOPMENT_ASSET_PATHS = "\"TesteArquitetura/Preview Content\"";
				DEVELOPMENT_TEAM = 8HHDC9XWBT;
				ENABLE_PREVIEWS = YES;
				GENERATE_INFOPLIST_FILE = YES;
				INFOPLIST_KEY_UIApplicationSceneManifest_Generation = YES;
				INFOPLIST_KEY_UIApplicationSupportsIndirectInputEvents = YES;
				INFOPLIST_KEY_UILaunchScreen_Generation = YES;
				INFOPLIST_KEY_UISupportedInterfaceOrientations_iPad = "UIInterfaceOrientationPortrait UIInterfaceOrientationPortraitUpsideDown UIInterfaceOrientationLandscapeLeft UIInterfaceOrientationLandscapeRight";
				INFOPLIST_KEY_UISupportedInterfaceOrientations_iPhone = "UIInterfaceOrientationPortrait UIInterfaceOrientationLandscapeLeft UIInterfaceOrientationLandscapeRight";
				LD_RUNPATH_SEARCH_PATHS = (
					"$(inherited)",
					"@executable_path/Frameworks",
				);
				MARKETING_VERSION = 1.0;
				PRODUCT_BUNDLE_IDENTIFIER = TasKids.TesteArquitetura;
				PRODUCT_NAME = "$(TARGET_NAME)";
				SWIFT_EMIT_LOC_STRINGS = YES;
				SWIFT_VERSION = 5.0;
				TARGETED_DEVICE_FAMILY = "1,2";
			};
			name = Debug;
		};
		7B40906A2CB70F1500C75B4F /* Release */ = {
			isa = XCBuildConfiguration;
			buildSettings = {
				ASSETCATALOG_COMPILER_APPICON_NAME = AppIcon;
				ASSETCATALOG_COMPILER_GLOBAL_ACCENT_COLOR_NAME = AccentColor;
				CODE_SIGN_STYLE = Automatic;
				CURRENT_PROJECT_VERSION = 1;
				DEVELOPMENT_ASSET_PATHS = "\"TesteArquitetura/Preview Content\"";
				DEVELOPMENT_TEAM = 8HHDC9XWBT;
				ENABLE_PREVIEWS = YES;
				GENERATE_INFOPLIST_FILE = YES;
				INFOPLIST_KEY_UIApplicationSceneManifest_Generation = YES;
				INFOPLIST_KEY_UIApplicationSupportsIndirectInputEvents = YES;
				INFOPLIST_KEY_UILaunchScreen_Generation = YES;
				INFOPLIST_KEY_UISupportedInterfaceOrientations_iPad = "UIInterfaceOrientationPortrait UIInterfaceOrientationPortraitUpsideDown UIInterfaceOrientationLandscapeLeft UIInterfaceOrientationLandscapeRight";
				INFOPLIST_KEY_UISupportedInterfaceOrientations_iPhone = "UIInterfaceOrientationPortrait UIInterfaceOrientationLandscapeLeft UIInterfaceOrientationLandscapeRight";
				LD_RUNPATH_SEARCH_PATHS = (
					"$(inherited)",
					"@executable_path/Frameworks",
				);
				MARKETING_VERSION = 1.0;
				PRODUCT_BUNDLE_IDENTIFIER = TasKids.TesteArquitetura;
				PRODUCT_NAME = "$(TARGET_NAME)";
				SWIFT_EMIT_LOC_STRINGS = YES;
				SWIFT_VERSION = 5.0;
				TARGETED_DEVICE_FAMILY = "1,2";
			};
			name = Release;
		};
		7B40906C2CB70F1500C75B4F /* Debug */ = {
			isa = XCBuildConfiguration;
			buildSettings = {
				ALWAYS_EMBED_SWIFT_STANDARD_LIBRARIES = YES;
				BUNDLE_LOADER = "$(TEST_HOST)";
				CODE_SIGN_STYLE = Automatic;
				CURRENT_PROJECT_VERSION = 1;
				DEVELOPMENT_TEAM = 8HHDC9XWBT;
				GENERATE_INFOPLIST_FILE = YES;
				IPHONEOS_DEPLOYMENT_TARGET = 17.2;
				MARKETING_VERSION = 1.0;
				PRODUCT_BUNDLE_IDENTIFIER = TasKids.TesteArquiteturaTests;
				PRODUCT_NAME = "$(TARGET_NAME)";
				SWIFT_EMIT_LOC_STRINGS = NO;
				SWIFT_VERSION = 5.0;
				TARGETED_DEVICE_FAMILY = "1,2";
				TEST_HOST = "$(BUILT_PRODUCTS_DIR)/TesteArquitetura.app/$(BUNDLE_EXECUTABLE_FOLDER_PATH)/TesteArquitetura";
			};
			name = Debug;
		};
		7B40906D2CB70F1500C75B4F /* Release */ = {
			isa = XCBuildConfiguration;
			buildSettings = {
				ALWAYS_EMBED_SWIFT_STANDARD_LIBRARIES = YES;
				BUNDLE_LOADER = "$(TEST_HOST)";
				CODE_SIGN_STYLE = Automatic;
				CURRENT_PROJECT_VERSION = 1;
				DEVELOPMENT_TEAM = 8HHDC9XWBT;
				GENERATE_INFOPLIST_FILE = YES;
				IPHONEOS_DEPLOYMENT_TARGET = 17.2;
				MARKETING_VERSION = 1.0;
				PRODUCT_BUNDLE_IDENTIFIER = TasKids.TesteArquiteturaTests;
				PRODUCT_NAME = "$(TARGET_NAME)";
				SWIFT_EMIT_LOC_STRINGS = NO;
				SWIFT_VERSION = 5.0;
				TARGETED_DEVICE_FAMILY = "1,2";
				TEST_HOST = "$(BUILT_PRODUCTS_DIR)/TesteArquitetura.app/$(BUNDLE_EXECUTABLE_FOLDER_PATH)/TesteArquitetura";
			};
			name = Release;
		};
		7B40906F2CB70F1500C75B4F /* Debug */ = {
			isa = XCBuildConfiguration;
			buildSettings = {
				ALWAYS_EMBED_SWIFT_STANDARD_LIBRARIES = YES;
				CODE_SIGN_STYLE = Automatic;
				CURRENT_PROJECT_VERSION = 1;
				DEVELOPMENT_TEAM = 8HHDC9XWBT;
				GENERATE_INFOPLIST_FILE = YES;
				MARKETING_VERSION = 1.0;
				PRODUCT_BUNDLE_IDENTIFIER = TasKids.TesteArquiteturaUITests;
				PRODUCT_NAME = "$(TARGET_NAME)";
				SWIFT_EMIT_LOC_STRINGS = NO;
				SWIFT_VERSION = 5.0;
				TARGETED_DEVICE_FAMILY = "1,2";
				TEST_TARGET_NAME = TesteArquitetura;
			};
			name = Debug;
		};
		7B4090702CB70F1500C75B4F /* Release */ = {
			isa = XCBuildConfiguration;
			buildSettings = {
				ALWAYS_EMBED_SWIFT_STANDARD_LIBRARIES = YES;
				CODE_SIGN_STYLE = Automatic;
				CURRENT_PROJECT_VERSION = 1;
				DEVELOPMENT_TEAM = 8HHDC9XWBT;
				GENERATE_INFOPLIST_FILE = YES;
				MARKETING_VERSION = 1.0;
				PRODUCT_BUNDLE_IDENTIFIER = TasKids.TesteArquiteturaUITests;
				PRODUCT_NAME = "$(TARGET_NAME)";
				SWIFT_EMIT_LOC_STRINGS = NO;
				SWIFT_VERSION = 5.0;
				TARGETED_DEVICE_FAMILY = "1,2";
				TEST_TARGET_NAME = TesteArquitetura;
			};
			name = Release;
		};
/* End XCBuildConfiguration section */

/* Begin XCConfigurationList section */
		7B40903F2CB70F1400C75B4F /* Build configuration list for PBXProject "TesteArquitetura" */ = {
			isa = XCConfigurationList;
			buildConfigurations = (
				7B4090662CB70F1500C75B4F /* Debug */,
				7B4090672CB70F1500C75B4F /* Release */,
			);
			defaultConfigurationIsVisible = 0;
			defaultConfigurationName = Release;
		};
		7B4090682CB70F1500C75B4F /* Build configuration list for PBXNativeTarget "TesteArquitetura" */ = {
			isa = XCConfigurationList;
			buildConfigurations = (
				7B4090692CB70F1500C75B4F /* Debug */,
				7B40906A2CB70F1500C75B4F /* Release */,
			);
			defaultConfigurationIsVisible = 0;
			defaultConfigurationName = Release;
		};
		7B40906B2CB70F1500C75B4F /* Build configuration list for PBXNativeTarget "TesteArquiteturaTests" */ = {
			isa = XCConfigurationList;
			buildConfigurations = (
				7B40906C2CB70F1500C75B4F /* Debug */,
				7B40906D2CB70F1500C75B4F /* Release */,
			);
			defaultConfigurationIsVisible = 0;
			defaultConfigurationName = Release;
		};
		7B40906E2CB70F1500C75B4F /* Build configuration list for PBXNativeTarget "TesteArquiteturaUITests" */ = {
			isa = XCConfigurationList;
			buildConfigurations = (
				7B40906F2CB70F1500C75B4F /* Debug */,
				7B4090702CB70F1500C75B4F /* Release */,
			);
			defaultConfigurationIsVisible = 0;
			defaultConfigurationName = Release;
		};
/* End XCConfigurationList section */
	};
	rootObject = 7B40903C2CB70F1400C75B4F /* Project object */;
}
